
Microsoft Visual Studio Solution File, Format Version 11.00
# Visual Studio 2010
Project("{6989167D-11E4-40FE-8C1A-2192A86A7E90}") = "UH1", "UH1\UH1.vfproj", "{3CDFF231-0A2F-41C3-AD9A-B1CD72675299}"
EndProject
Global
	GlobalSection(SolutionConfigurationPlatforms) = preSolution
		Debug|Win32 = Debug|Win32
		Release|Win32 = Release|Win32
	EndGlobalSection
	GlobalSection(ProjectConfigurationPlatforms) = postSolution
		{3CDFF231-0A2F-41C3-AD9A-B1CD72675299}.Debug|Win32.ActiveCfg = Debug|Win32
		{3CDFF231-0A2F-41C3-AD9A-B1CD72675299}.Debug|Win32.Build.0 = Debug|Win32
		{3CDFF231-0A2F-41C3-AD9A-B1CD72675299}.Release|Win32.ActiveCfg = Release|Win32
		{3CDFF231-0A2F-41C3-AD9A-B1CD72675299}.Release|Win32.Build.0 = Release|Win32
	EndGlobalSection
	GlobalSection(SolutionProperties) = preSolution
		HideSolutionNode = FALSE
	EndGlobalSection
EndGlobal
